{
  "name": "plant-diagnosis-platform",
  "lockfileVersion": 3,
  "requires": true,
  "packages": {
    "": {
      "name": "plant-diagnosis-platform",
      "workspaces": [
        "4_backend/*"
      ]
    },
    "4_backend/api-gateway": {
      "version": "0.1.0"
    },
    "4_backend/auth-service": {
      "version": "0.1.0"
    },
    "4_backend/case-service": {
      "version": "0.1.0"
    },
    "4_backend/inference-service": {
      "version": "0.1.0"
    },
    "4_backend/treatment-service": {
      "version": "0.1.0"
    },
    "node_modules/api-gateway": {
      "resolved": "4_backend/api-gateway",
      "link": true
    },
    "node_modules/auth-service": {
      "resolved": "4_backend/auth-service",
      "link": true
    },
    "node_modules/case-service": {
      "resolved": "4_backend/case-service",
      "link": true
    },
    "node_modules/inference-service": {
      "resolved": "4_backend/inference-service",
      "link": true
    },
    "node_modules/treatment-service": {
      "resolved": "4_backend/treatment-service",
      "link": true
    }
  }
}
